{
  "name": "sentencex",
  "version": "1.0.13",
  "lockfileVersion": 3,
  "requires": true,
  "packages": {
    "": {
      "name": "sentencex",
      "version": "1.0.13",
      "license": "MIT",
      "engines": {
        "node": ">=20"
      },
      "optionalDependencies": {
        "sentencex-darwin-arm64": "file:pkgs/sentencex-darwin-arm64",
        "sentencex-darwin-x64": "file:pkgs/sentencex-darwin-x64",
        "sentencex-linux-arm64": "file:pkgs/sentencex-linux-arm64",
        "sentencex-linux-x64": "file:pkgs/sentencex-linux-x64",
        "sentencex-win32-x64": "file:pkgs/sentencex-win32-x64"
      }
    },
    "node_modules/sentencex-darwin-arm64": {
      "resolved": "pkgs/sentencex-darwin-arm64",
      "link": true
    },
    "node_modules/sentencex-darwin-x64": {
      "resolved": "pkgs/sentencex-darwin-x64",
      "link": true
    },
    "node_modules/sentencex-linux-arm64": {
      "resolved": "pkgs/sentencex-linux-arm64",
      "link": true
    },
    "node_modules/sentencex-linux-x64": {
      "resolved": "pkgs/sentencex-linux-x64",
      "link": true
    },
    "node_modules/sentencex-win32-x64": {
      "resolved": "pkgs/sentencex-win32-x64",
      "link": true
    },
    "pkgs/sentencex-darwin-arm64": {
      "version": "1.0.0",
      "cpu": [
        "arm64"
      ],
      "license": "MIT",
      "optional": true,
      "os": [
        "darwin"
      ]
    },
    "pkgs/sentencex-darwin-x64": {
      "version": "1.0.0",
      "cpu": [
        "x64"
      ],
      "license": "MIT",
      "optional": true,
      "os": [
        "darwin"
      ]
    },
    "pkgs/sentencex-linux-arm64": {
      "version": "1.0.0",
      "cpu": [
        "arm64"
      ],
      "license": "MIT",
      "optional": true,
      "os": [
        "linux"
      ]
    },
    "pkgs/sentencex-linux-x64": {
      "version": "1.0.0",
      "cpu": [
        "x64"
      ],
      "license": "MIT",
      "optional": true,
      "os": [
        "linux"
      ]
    },
    "pkgs/sentencex-win32-x64": {
      "version": "1.0.0",
      "cpu": [
        "x64"
      ],
      "license": "MIT",
      "optional": true,
      "os": [
        "win32"
      ]
    }
  }
}
